// !$*UTF8*$!
{
	archiveVersion = 1;
	classes = {
	};
	objectVersion = 56;
	objects = {

/* Begin PBXBuildFile section */
		2B0589322B6E9E1C0019CE77 /* FeedItem.swift in Sources */ = {isa = PBXBuildFile; fileRef = 2B0589312B6E9E1C0019CE77 /* FeedItem.swift */; };
		2B49CEC62B6BE58400AA3E75 /* EssentialDeveloperFeed.docc in Sources */ = {isa = PBXBuildFile; fileRef = 2B49CEC52B6BE58400AA3E75 /* EssentialDeveloperFeed.docc */; };
		2B49CECC2B6BE58500AA3E75 /* EssentialDeveloperFeed.framework in Frameworks */ = {isa = PBXBuildFile; fileRef = 2B49CEC12B6BE58400AA3E75 /* EssentialDeveloperFeed.framework */; };
		2B49CED22B6BE58500AA3E75 /* EssentialDeveloperFeed.h in Headers */ = {isa = PBXBuildFile; fileRef = 2B49CEC42B6BE58400AA3E75 /* EssentialDeveloperFeed.h */; settings = {ATTRIBUTES = (Public, ); }; };
		2B49CEE32B6BF49300AA3E75 /* RemoteFeedLoaderTests.swift in Sources */ = {isa = PBXBuildFile; fileRef = 2B49CEE22B6BF49300AA3E75 /* RemoteFeedLoaderTests.swift */; };
		2B49CEE62B6CE76E00AA3E75 /* RemoteFeedLoader.swift in Sources */ = {isa = PBXBuildFile; fileRef = 2B49CEE52B6CE76E00AA3E75 /* RemoteFeedLoader.swift */; };
		2BC755BC2B73772F004464E7 /* HTTPClient.swift in Sources */ = {isa = PBXBuildFile; fileRef = 2BC755BB2B73772F004464E7 /* HTTPClient.swift */; };
		2BC755BE2B737863004464E7 /* FeedItemsMapper.swift in Sources */ = {isa = PBXBuildFile; fileRef = 2BC755BD2B737863004464E7 /* FeedItemsMapper.swift */; };
		2BC755E82B74D956004464E7 /* FeedLoader.swift in Sources */ = {isa = PBXBuildFile; fileRef = 2BC755E72B74D956004464E7 /* FeedLoader.swift */; };
		2BC757142B7FA94900987745 /* XCTTestCaseMemoryLeakTracking.swift in Sources */ = {isa = PBXBuildFile; fileRef = 2BC757132B7FA94900987745 /* XCTTestCaseMemoryLeakTracking.swift */; };
		2BC757162B7FCCCB00987745 /* URLSessionHTTPClient.swift in Sources */ = {isa = PBXBuildFile; fileRef = 2BC757152B7FCCCB00987745 /* URLSessionHTTPClient.swift */; };
		2BC7574D2B83B4E700987745 /* EssentialDeveloperFeedAPIEndToEndTests.swift in Sources */ = {isa = PBXBuildFile; fileRef = 2BC7574C2B83B4E700987745 /* EssentialDeveloperFeedAPIEndToEndTests.swift */; };
		2BC7574E2B83B4E700987745 /* EssentialDeveloperFeed.framework in Frameworks */ = {isa = PBXBuildFile; fileRef = 2B49CEC12B6BE58400AA3E75 /* EssentialDeveloperFeed.framework */; };
		2BC757542B83B83900987745 /* XCTTestCaseMemoryLeakTracking.swift in Sources */ = {isa = PBXBuildFile; fileRef = 2BC757132B7FA94900987745 /* XCTTestCaseMemoryLeakTracking.swift */; };
		2BC81B132B77B95600C3BD3B /* URLSessionHTTPClientTests.swift in Sources */ = {isa = PBXBuildFile; fileRef = 2BC81B122B77B95600C3BD3B /* URLSessionHTTPClientTests.swift */; };
/* End PBXBuildFile section */

/* Begin PBXContainerItemProxy section */
		2B49CECD2B6BE58500AA3E75 /* PBXContainerItemProxy */ = {
			isa = PBXContainerItemProxy;
			containerPortal = 2B49CEB82B6BE58400AA3E75 /* Project object */;
			proxyType = 1;
			remoteGlobalIDString = 2B49CEC02B6BE58400AA3E75;
			remoteInfo = EssentialDeveloperFeed;
		};
		2BC7574F2B83B4E700987745 /* PBXContainerItemProxy */ = {
			isa = PBXContainerItemProxy;
			containerPortal = 2B49CEB82B6BE58400AA3E75 /* Project object */;
			proxyType = 1;
			remoteGlobalIDString = 2B49CEC02B6BE58400AA3E75;
			remoteInfo = EssentialDeveloperFeed;
		};
/* End PBXContainerItemProxy section */

/* Begin PBXFileReference section */
		2B0589312B6E9E1C0019CE77 /* FeedItem.swift */ = {isa = PBXFileReference; lastKnownFileType = sourcecode.swift; path = FeedItem.swift; sourceTree = "<group>"; };
		2B49CEC12B6BE58400AA3E75 /* EssentialDeveloperFeed.framework */ = {isa = PBXFileReference; explicitFileType = wrapper.framework; includeInIndex = 0; path = EssentialDeveloperFeed.framework; sourceTree = BUILT_PRODUCTS_DIR; };
		2B49CEC42B6BE58400AA3E75 /* EssentialDeveloperFeed.h */ = {isa = PBXFileReference; lastKnownFileType = sourcecode.c.h; path = EssentialDeveloperFeed.h; sourceTree = "<group>"; };
		2B49CEC52B6BE58400AA3E75 /* EssentialDeveloperFeed.docc */ = {isa = PBXFileReference; lastKnownFileType = folder.documentationcatalog; path = EssentialDeveloperFeed.docc; sourceTree = "<group>"; };
		2B49CECB2B6BE58500AA3E75 /* EssentialDeveloperFeedTests.xctest */ = {isa = PBXFileReference; explicitFileType = wrapper.cfbundle; includeInIndex = 0; path = EssentialDeveloperFeedTests.xctest; sourceTree = BUILT_PRODUCTS_DIR; };
		2B49CEE22B6BF49300AA3E75 /* RemoteFeedLoaderTests.swift */ = {isa = PBXFileReference; lastKnownFileType = sourcecode.swift; path = RemoteFeedLoaderTests.swift; sourceTree = "<group>"; };
		2B49CEE52B6CE76E00AA3E75 /* RemoteFeedLoader.swift */ = {isa = PBXFileReference; lastKnownFileType = sourcecode.swift; path = RemoteFeedLoader.swift; sourceTree = "<group>"; };
		2BC755BB2B73772F004464E7 /* HTTPClient.swift */ = {isa = PBXFileReference; lastKnownFileType = sourcecode.swift; path = HTTPClient.swift; sourceTree = "<group>"; };
		2BC755BD2B737863004464E7 /* FeedItemsMapper.swift */ = {isa = PBXFileReference; lastKnownFileType = sourcecode.swift; path = FeedItemsMapper.swift; sourceTree = "<group>"; };
		2BC755E72B74D956004464E7 /* FeedLoader.swift */ = {isa = PBXFileReference; lastKnownFileType = sourcecode.swift; path = FeedLoader.swift; sourceTree = "<group>"; };
		2BC757132B7FA94900987745 /* XCTTestCaseMemoryLeakTracking.swift */ = {isa = PBXFileReference; lastKnownFileType = sourcecode.swift; path = XCTTestCaseMemoryLeakTracking.swift; sourceTree = "<group>"; };
		2BC757152B7FCCCB00987745 /* URLSessionHTTPClient.swift */ = {isa = PBXFileReference; lastKnownFileType = sourcecode.swift; path = URLSessionHTTPClient.swift; sourceTree = "<group>"; };
		2BC757372B83B0AC00987745 /* EssentialDeveloperFeed.xctestplan */ = {isa = PBXFileReference; lastKnownFileType = text; path = EssentialDeveloperFeed.xctestplan; sourceTree = "<group>"; };
		2BC7574A2B83B4E700987745 /* EssentialDeveloperFeedAPIEndToEndTests.xctest */ = {isa = PBXFileReference; explicitFileType = wrapper.cfbundle; includeInIndex = 0; path = EssentialDeveloperFeedAPIEndToEndTests.xctest; sourceTree = BUILT_PRODUCTS_DIR; };
		2BC7574C2B83B4E700987745 /* EssentialDeveloperFeedAPIEndToEndTests.swift */ = {isa = PBXFileReference; lastKnownFileType = sourcecode.swift; path = EssentialDeveloperFeedAPIEndToEndTests.swift; sourceTree = "<group>"; };
		2BC81B122B77B95600C3BD3B /* URLSessionHTTPClientTests.swift */ = {isa = PBXFileReference; lastKnownFileType = sourcecode.swift; path = URLSessionHTTPClientTests.swift; sourceTree = "<group>"; };
/* End PBXFileReference section */

/* Begin PBXFrameworksBuildPhase section */
		2B49CEBE2B6BE58400AA3E75 /* Frameworks */ = {
			isa = PBXFrameworksBuildPhase;
			buildActionMask = 2147483647;
			files = (
			);
			runOnlyForDeploymentPostprocessing = 0;
		};
		2B49CEC82B6BE58500AA3E75 /* Frameworks */ = {
			isa = PBXFrameworksBuildPhase;
			buildActionMask = 2147483647;
			files = (
				2B49CECC2B6BE58500AA3E75 /* EssentialDeveloperFeed.framework in Frameworks */,
			);
			runOnlyForDeploymentPostprocessing = 0;
		};
		2BC757472B83B4E700987745 /* Frameworks */ = {
			isa = PBXFrameworksBuildPhase;
			buildActionMask = 2147483647;
			files = (
				2BC7574E2B83B4E700987745 /* EssentialDeveloperFeed.framework in Frameworks */,
			);
			runOnlyForDeploymentPostprocessing = 0;
		};
/* End PBXFrameworksBuildPhase section */

/* Begin PBXGroup section */
		2B49CEB72B6BE58400AA3E75 = {
			isa = PBXGroup;
			children = (
				2BC757372B83B0AC00987745 /* EssentialDeveloperFeed.xctestplan */,
				2B49CEC32B6BE58400AA3E75 /* EssentialDeveloperFeed */,
				2B49CECF2B6BE58500AA3E75 /* EssentialDeveloperFeedTests */,
				2BC7574B2B83B4E700987745 /* EssentialDeveloperFeedAPIEndToEndTests */,
				2B49CEC22B6BE58400AA3E75 /* Products */,
			);
			sourceTree = "<group>";
		};
		2B49CEC22B6BE58400AA3E75 /* Products */ = {
			isa = PBXGroup;
			children = (
				2B49CEC12B6BE58400AA3E75 /* EssentialDeveloperFeed.framework */,
				2B49CECB2B6BE58500AA3E75 /* EssentialDeveloperFeedTests.xctest */,
				2BC7574A2B83B4E700987745 /* EssentialDeveloperFeedAPIEndToEndTests.xctest */,
			);
			name = Products;
			sourceTree = "<group>";
		};
		2B49CEC32B6BE58400AA3E75 /* EssentialDeveloperFeed */ = {
			isa = PBXGroup;
			children = (
				2B49CEE42B6CE6D900AA3E75 /* Feed API */,
				2B49CEC42B6BE58400AA3E75 /* EssentialDeveloperFeed.h */,
				2B49CEDF2B6BE8BF00AA3E75 /* Feed Feature */,
				2B49CEC52B6BE58400AA3E75 /* EssentialDeveloperFeed.docc */,
			);
			path = EssentialDeveloperFeed;
			sourceTree = "<group>";
		};
		2B49CECF2B6BE58500AA3E75 /* EssentialDeveloperFeedTests */ = {
			isa = PBXGroup;
			children = (
				2BC755BF2B7381D1004464E7 /* Feed API */,
			);
			path = EssentialDeveloperFeedTests;
			sourceTree = "<group>";
		};
		2B49CEDF2B6BE8BF00AA3E75 /* Feed Feature */ = {
			isa = PBXGroup;
			children = (
				2B0589312B6E9E1C0019CE77 /* FeedItem.swift */,
				2BC755E72B74D956004464E7 /* FeedLoader.swift */,
			);
			path = "Feed Feature";
			sourceTree = "<group>";
		};
		2B49CEE42B6CE6D900AA3E75 /* Feed API */ = {
			isa = PBXGroup;
			children = (
				2B49CEE52B6CE76E00AA3E75 /* RemoteFeedLoader.swift */,
				2BC755BB2B73772F004464E7 /* HTTPClient.swift */,
				2BC755BD2B737863004464E7 /* FeedItemsMapper.swift */,
				2BC757152B7FCCCB00987745 /* URLSessionHTTPClient.swift */,
			);
			path = "Feed API";
			sourceTree = "<group>";
		};
		2BC755BF2B7381D1004464E7 /* Feed API */ = {
			isa = PBXGroup;
			children = (
				2BC757122B7FA92400987745 /* Helpers */,
				2B49CEE22B6BF49300AA3E75 /* RemoteFeedLoaderTests.swift */,
				2BC81B122B77B95600C3BD3B /* URLSessionHTTPClientTests.swift */,
			);
			path = "Feed API";
			sourceTree = "<group>";
		};
		2BC757122B7FA92400987745 /* Helpers */ = {
			isa = PBXGroup;
			children = (
				2BC757132B7FA94900987745 /* XCTTestCaseMemoryLeakTracking.swift */,
			);
			path = Helpers;
			sourceTree = "<group>";
		};
		2BC7574B2B83B4E700987745 /* EssentialDeveloperFeedAPIEndToEndTests */ = {
			isa = PBXGroup;
			children = (
				2BC7574C2B83B4E700987745 /* EssentialDeveloperFeedAPIEndToEndTests.swift */,
			);
			path = EssentialDeveloperFeedAPIEndToEndTests;
			sourceTree = "<group>";
		};
/* End PBXGroup section */

/* Begin PBXHeadersBuildPhase section */
		2B49CEBC2B6BE58400AA3E75 /* Headers */ = {
			isa = PBXHeadersBuildPhase;
			buildActionMask = 2147483647;
			files = (
				2B49CED22B6BE58500AA3E75 /* EssentialDeveloperFeed.h in Headers */,
			);
			runOnlyForDeploymentPostprocessing = 0;
		};
/* End PBXHeadersBuildPhase section */

/* Begin PBXNativeTarget section */
		2B49CEC02B6BE58400AA3E75 /* EssentialDeveloperFeed */ = {
			isa = PBXNativeTarget;
			buildConfigurationList = 2B49CED52B6BE58500AA3E75 /* Build configuration list for PBXNativeTarget "EssentialDeveloperFeed" */;
			buildPhases = (
				2B49CEBC2B6BE58400AA3E75 /* Headers */,
				2B49CEBD2B6BE58400AA3E75 /* Sources */,
				2B49CEBE2B6BE58400AA3E75 /* Frameworks */,
				2B49CEBF2B6BE58400AA3E75 /* Resources */,
			);
			buildRules = (
			);
			dependencies = (
			);
			name = EssentialDeveloperFeed;
			productName = EssentialDeveloperFeed;
			productReference = 2B49CEC12B6BE58400AA3E75 /* EssentialDeveloperFeed.framework */;
			productType = "com.apple.product-type.framework";
		};
		2B49CECA2B6BE58500AA3E75 /* EssentialDeveloperFeedTests */ = {
			isa = PBXNativeTarget;
			buildConfigurationList = 2B49CED82B6BE58500AA3E75 /* Build configuration list for PBXNativeTarget "EssentialDeveloperFeedTests" */;
			buildPhases = (
				2B49CEC72B6BE58500AA3E75 /* Sources */,
				2B49CEC82B6BE58500AA3E75 /* Frameworks */,
				2B49CEC92B6BE58500AA3E75 /* Resources */,
			);
			buildRules = (
			);
			dependencies = (
				2B49CECE2B6BE58500AA3E75 /* PBXTargetDependency */,
			);
			name = EssentialDeveloperFeedTests;
			productName = EssentialDeveloperFeedTests;
			productReference = 2B49CECB2B6BE58500AA3E75 /* EssentialDeveloperFeedTests.xctest */;
			productType = "com.apple.product-type.bundle.unit-test";
		};
		2BC757492B83B4E700987745 /* EssentialDeveloperFeedAPIEndToEndTests */ = {
			isa = PBXNativeTarget;
			buildConfigurationList = 2BC757532B83B4E700987745 /* Build configuration list for PBXNativeTarget "EssentialDeveloperFeedAPIEndToEndTests" */;
			buildPhases = (
				2BC757462B83B4E700987745 /* Sources */,
				2BC757472B83B4E700987745 /* Frameworks */,
				2BC757482B83B4E700987745 /* Resources */,
			);
			buildRules = (
			);
			dependencies = (
				2BC757502B83B4E700987745 /* PBXTargetDependency */,
			);
			name = EssentialDeveloperFeedAPIEndToEndTests;
			productName = EssentialDeveloperFeedAPIEndToEndTests;
			productReference = 2BC7574A2B83B4E700987745 /* EssentialDeveloperFeedAPIEndToEndTests.xctest */;
			productType = "com.apple.product-type.bundle.unit-test";
		};
/* End PBXNativeTarget section */

/* Begin PBXProject section */
		2B49CEB82B6BE58400AA3E75 /* Project object */ = {
			isa = PBXProject;
			attributes = {
				BuildIndependentTargetsInParallel = 1;
				LastSwiftUpdateCheck = 1520;
				LastUpgradeCheck = 1520;
				TargetAttributes = {
					2B49CEC02B6BE58400AA3E75 = {
						CreatedOnToolsVersion = 15.2;
					};
					2B49CECA2B6BE58500AA3E75 = {
						CreatedOnToolsVersion = 15.2;
						LastSwiftMigration = 1520;
					};
					2BC757492B83B4E700987745 = {
						CreatedOnToolsVersion = 15.2;
					};
				};
			};
			buildConfigurationList = 2B49CEBB2B6BE58400AA3E75 /* Build configuration list for PBXProject "EssentialDeveloperFeed" */;
			compatibilityVersion = "Xcode 14.0";
			developmentRegion = en;
			hasScannedForEncodings = 0;
			knownRegions = (
				en,
				Base,
			);
			mainGroup = 2B49CEB72B6BE58400AA3E75;
			productRefGroup = 2B49CEC22B6BE58400AA3E75 /* Products */;
			projectDirPath = "";
			projectRoot = "";
			targets = (
				2B49CEC02B6BE58400AA3E75 /* EssentialDeveloperFeed */,
				2B49CECA2B6BE58500AA3E75 /* EssentialDeveloperFeedTests */,
				2BC757492B83B4E700987745 /* EssentialDeveloperFeedAPIEndToEndTests */,
			);
		};
/* End PBXProject section */

/* Begin PBXResourcesBuildPhase section */
		2B49CEBF2B6BE58400AA3E75 /* Resources */ = {
			isa = PBXResourcesBuildPhase;
			buildActionMask = 2147483647;
			files = (
			);
			runOnlyForDeploymentPostprocessing = 0;
		};
		2B49CEC92B6BE58500AA3E75 /* Resources */ = {
			isa = PBXResourcesBuildPhase;
			buildActionMask = 2147483647;
			files = (
			);
			runOnlyForDeploymentPostprocessing = 0;
		};
		2BC757482B83B4E700987745 /* Resources */ = {
			isa = PBXResourcesBuildPhase;
			buildActionMask = 2147483647;
			files = (
			);
			runOnlyForDeploymentPostprocessing = 0;
		};
/* End PBXResourcesBuildPhase section */

/* Begin PBXSourcesBuildPhase section */
		2B49CEBD2B6BE58400AA3E75 /* Sources */ = {
			isa = PBXSourcesBuildPhase;
			buildActionMask = 2147483647;
			files = (
				2BC757162B7FCCCB00987745 /* URLSessionHTTPClient.swift in Sources */,
				2BC755E82B74D956004464E7 /* FeedLoader.swift in Sources */,
				2BC755BE2B737863004464E7 /* FeedItemsMapper.swift in Sources */,
				2B49CEE62B6CE76E00AA3E75 /* RemoteFeedLoader.swift in Sources */,
				2B49CEC62B6BE58400AA3E75 /* EssentialDeveloperFeed.docc in Sources */,
				2BC755BC2B73772F004464E7 /* HTTPClient.swift in Sources */,
				2B0589322B6E9E1C0019CE77 /* FeedItem.swift in Sources */,
			);
			runOnlyForDeploymentPostprocessing = 0;
		};
		2B49CEC72B6BE58500AA3E75 /* Sources */ = {
			isa = PBXSourcesBuildPhase;
			buildActionMask = 2147483647;
			files = (
				2B49CEE32B6BF49300AA3E75 /* RemoteFeedLoaderTests.swift in Sources */,
				2BC757142B7FA94900987745 /* XCTTestCaseMemoryLeakTracking.swift in Sources */,
				2BC81B132B77B95600C3BD3B /* URLSessionHTTPClientTests.swift in Sources */,
			);
			runOnlyForDeploymentPostprocessing = 0;
		};
		2BC757462B83B4E700987745 /* Sources */ = {
			isa = PBXSourcesBuildPhase;
			buildActionMask = 2147483647;
			files = (
				2BC757542B83B83900987745 /* XCTTestCaseMemoryLeakTracking.swift in Sources */,
				2BC7574D2B83B4E700987745 /* EssentialDeveloperFeedAPIEndToEndTests.swift in Sources */,
			);
			runOnlyForDeploymentPostprocessing = 0;
		};
/* End PBXSourcesBuildPhase section */

/* Begin PBXTargetDependency section */
		2B49CECE2B6BE58500AA3E75 /* PBXTargetDependency */ = {
			isa = PBXTargetDependency;
			target = 2B49CEC02B6BE58400AA3E75 /* EssentialDeveloperFeed */;
			targetProxy = 2B49CECD2B6BE58500AA3E75 /* PBXContainerItemProxy */;
		};
		2BC757502B83B4E700987745 /* PBXTargetDependency */ = {
			isa = PBXTargetDependency;
			target = 2B49CEC02B6BE58400AA3E75 /* EssentialDeveloperFeed */;
			targetProxy = 2BC7574F2B83B4E700987745 /* PBXContainerItemProxy */;
		};
/* End PBXTargetDependency section */

/* Begin XCBuildConfiguration section */
		2B49CED32B6BE58500AA3E75 /* Debug */ = {
			isa = XCBuildConfiguration;
			buildSettings = {
				ALWAYS_SEARCH_USER_PATHS = NO;
				ASSETCATALOG_COMPILER_GENERATE_SWIFT_ASSET_SYMBOL_EXTENSIONS = YES;
				CLANG_ANALYZER_NONNULL = YES;
				CLANG_ANALYZER_NUMBER_OBJECT_CONVERSION = YES_AGGRESSIVE;
				CLANG_CXX_LANGUAGE_STANDARD = "gnu++20";
				CLANG_ENABLE_MODULES = YES;
				CLANG_ENABLE_OBJC_ARC = YES;
				CLANG_ENABLE_OBJC_WEAK = YES;
				CLANG_WARN_BLOCK_CAPTURE_AUTORELEASING = YES;
				CLANG_WARN_BOOL_CONVERSION = YES;
				CLANG_WARN_COMMA = YES;
				CLANG_WARN_CONSTANT_CONVERSION = YES;
				CLANG_WARN_DEPRECATED_OBJC_IMPLEMENTATIONS = YES;
				CLANG_WARN_DIRECT_OBJC_ISA_USAGE = YES_ERROR;
				CLANG_WARN_DOCUMENTATION_COMMENTS = YES;
				CLANG_WARN_EMPTY_BODY = YES;
				CLANG_WARN_ENUM_CONVERSION = YES;
				CLANG_WARN_INFINITE_RECURSION = YES;
				CLANG_WARN_INT_CONVERSION = YES;
				CLANG_WARN_NON_LITERAL_NULL_CONVERSION = YES;
				CLANG_WARN_OBJC_IMPLICIT_RETAIN_SELF = YES;
				CLANG_WARN_OBJC_LITERAL_CONVERSION = YES;
				CLANG_WARN_OBJC_ROOT_CLASS = YES_ERROR;
				CLANG_WARN_QUOTED_INCLUDE_IN_FRAMEWORK_HEADER = YES;
				CLANG_WARN_RANGE_LOOP_ANALYSIS = YES;
				CLANG_WARN_STRICT_PROTOTYPES = YES;
				CLANG_WARN_SUSPICIOUS_MOVE = YES;
				CLANG_WARN_UNGUARDED_AVAILABILITY = YES_AGGRESSIVE;
				CLANG_WARN_UNREACHABLE_CODE = YES;
				CLANG_WARN__DUPLICATE_METHOD_MATCH = YES;
				COPY_PHASE_STRIP = NO;
				CURRENT_PROJECT_VERSION = 1;
				DEBUG_INFORMATION_FORMAT = dwarf;
				ENABLE_STRICT_OBJC_MSGSEND = YES;
				ENABLE_TESTABILITY = YES;
				ENABLE_USER_SCRIPT_SANDBOXING = YES;
				GCC_C_LANGUAGE_STANDARD = gnu17;
				GCC_DYNAMIC_NO_PIC = NO;
				GCC_NO_COMMON_BLOCKS = YES;
				GCC_OPTIMIZATION_LEVEL = 0;
				GCC_PREPROCESSOR_DEFINITIONS = (
					"DEBUG=1",
					"$(inherited)",
				);
				GCC_WARN_64_TO_32_BIT_CONVERSION = YES;
				GCC_WARN_ABOUT_RETURN_TYPE = YES_ERROR;
				GCC_WARN_UNDECLARED_SELECTOR = YES;
				GCC_WARN_UNINITIALIZED_AUTOS = YES_AGGRESSIVE;
				GCC_WARN_UNUSED_FUNCTION = YES;
				GCC_WARN_UNUSED_VARIABLE = YES;
				LOCALIZATION_PREFERS_STRING_CATALOGS = YES;
				MACOSX_DEPLOYMENT_TARGET = 14.2;
				MTL_ENABLE_DEBUG_INFO = INCLUDE_SOURCE;
				MTL_FAST_MATH = YES;
				ONLY_ACTIVE_ARCH = YES;
				SDKROOT = macosx;
				SWIFT_ACTIVE_COMPILATION_CONDITIONS = "DEBUG $(inherited)";
				SWIFT_OPTIMIZATION_LEVEL = "-Onone";
				VERSIONING_SYSTEM = "apple-generic";
				VERSION_INFO_PREFIX = "";
			};
			name = Debug;
		};
		2B49CED42B6BE58500AA3E75 /* Release */ = {
			isa = XCBuildConfiguration;
			buildSettings = {
				ALWAYS_SEARCH_USER_PATHS = NO;
				ASSETCATALOG_COMPILER_GENERATE_SWIFT_ASSET_SYMBOL_EXTENSIONS = YES;
				CLANG_ANALYZER_NONNULL = YES;
				CLANG_ANALYZER_NUMBER_OBJECT_CONVERSION = YES_AGGRESSIVE;
				CLANG_CXX_LANGUAGE_STANDARD = "gnu++20";
				CLANG_ENABLE_MODULES = YES;
				CLANG_ENABLE_OBJC_ARC = YES;
				CLANG_ENABLE_OBJC_WEAK = YES;
				CLANG_WARN_BLOCK_CAPTURE_AUTORELEASING = YES;
				CLANG_WARN_BOOL_CONVERSION = YES;
				CLANG_WARN_COMMA = YES;
				CLANG_WARN_CONSTANT_CONVERSION = YES;
				CLANG_WARN_DEPRECATED_OBJC_IMPLEMENTATIONS = YES;
				CLANG_WARN_DIRECT_OBJC_ISA_USAGE = YES_ERROR;
				CLANG_WARN_DOCUMENTATION_COMMENTS = YES;
				CLANG_WARN_EMPTY_BODY = YES;
				CLANG_WARN_ENUM_CONVERSION = YES;
				CLANG_WARN_INFINITE_RECURSION = YES;
				CLANG_WARN_INT_CONVERSION = YES;
				CLANG_WARN_NON_LITERAL_NULL_CONVERSION = YES;
				CLANG_WARN_OBJC_IMPLICIT_RETAIN_SELF = YES;
				CLANG_WARN_OBJC_LITERAL_CONVERSION = YES;
				CLANG_WARN_OBJC_ROOT_CLASS = YES_ERROR;
				CLANG_WARN_QUOTED_INCLUDE_IN_FRAMEWORK_HEADER = YES;
				CLANG_WARN_RANGE_LOOP_ANALYSIS = YES;
				CLANG_WARN_STRICT_PROTOTYPES = YES;
				CLANG_WARN_SUSPICIOUS_MOVE = YES;
				CLANG_WARN_UNGUARDED_AVAILABILITY = YES_AGGRESSIVE;
				CLANG_WARN_UNREACHABLE_CODE = YES;
				CLANG_WARN__DUPLICATE_METHOD_MATCH = YES;
				COPY_PHASE_STRIP = NO;
				CURRENT_PROJECT_VERSION = 1;
				DEBUG_INFORMATION_FORMAT = "dwarf-with-dsym";
				ENABLE_NS_ASSERTIONS = NO;
				ENABLE_STRICT_OBJC_MSGSEND = YES;
				ENABLE_USER_SCRIPT_SANDBOXING = YES;
				GCC_C_LANGUAGE_STANDARD = gnu17;
				GCC_NO_COMMON_BLOCKS = YES;
				GCC_WARN_64_TO_32_BIT_CONVERSION = YES;
				GCC_WARN_ABOUT_RETURN_TYPE = YES_ERROR;
				GCC_WARN_UNDECLARED_SELECTOR = YES;
				GCC_WARN_UNINITIALIZED_AUTOS = YES_AGGRESSIVE;
				GCC_WARN_UNUSED_FUNCTION = YES;
				GCC_WARN_UNUSED_VARIABLE = YES;
				LOCALIZATION_PREFERS_STRING_CATALOGS = YES;
				MACOSX_DEPLOYMENT_TARGET = 14.2;
				MTL_ENABLE_DEBUG_INFO = NO;
				MTL_FAST_MATH = YES;
				SDKROOT = macosx;
				SWIFT_COMPILATION_MODE = wholemodule;
				VERSIONING_SYSTEM = "apple-generic";
				VERSION_INFO_PREFIX = "";
			};
			name = Release;
		};
		2B49CED62B6BE58500AA3E75 /* Debug */ = {
			isa = XCBuildConfiguration;
			buildSettings = {
				CODE_SIGN_STYLE = Automatic;
				COMBINE_HIDPI_IMAGES = YES;
				CURRENT_PROJECT_VERSION = 1;
				DEFINES_MODULE = YES;
				DEVELOPMENT_TEAM = BF95HT3K2M;
				DYLIB_COMPATIBILITY_VERSION = 1;
				DYLIB_CURRENT_VERSION = 1;
				DYLIB_INSTALL_NAME_BASE = "@rpath";
				ENABLE_MODULE_VERIFIER = YES;
				GENERATE_INFOPLIST_FILE = YES;
				INFOPLIST_KEY_NSHumanReadableCopyright = "";
				INSTALL_PATH = "$(LOCAL_LIBRARY_DIR)/Frameworks";
				LD_RUNPATH_SEARCH_PATHS = (
					"$(inherited)",
					"@executable_path/../Frameworks",
					"@loader_path/Frameworks",
				);
				MARKETING_VERSION = 1.0;
				MODULE_VERIFIER_SUPPORTED_LANGUAGES = "objective-c objective-c++";
				MODULE_VERIFIER_SUPPORTED_LANGUAGE_STANDARDS = "gnu17 gnu++20";
				PRODUCT_BUNDLE_IDENTIFIER = fw.EssentialDeveloperFeed;
				PRODUCT_NAME = "$(TARGET_NAME:c99extidentifier)";
				SKIP_INSTALL = YES;
				SWIFT_EMIT_LOC_STRINGS = YES;
				SWIFT_VERSION = 5.0;
			};
			name = Debug;
		};
		2B49CED72B6BE58500AA3E75 /* Release */ = {
			isa = XCBuildConfiguration;
			buildSettings = {
				CODE_SIGN_STYLE = Automatic;
				COMBINE_HIDPI_IMAGES = YES;
				CURRENT_PROJECT_VERSION = 1;
				DEFINES_MODULE = YES;
				DEVELOPMENT_TEAM = BF95HT3K2M;
				DYLIB_COMPATIBILITY_VERSION = 1;
				DYLIB_CURRENT_VERSION = 1;
				DYLIB_INSTALL_NAME_BASE = "@rpath";
				ENABLE_MODULE_VERIFIER = YES;
				GENERATE_INFOPLIST_FILE = YES;
				INFOPLIST_KEY_NSHumanReadableCopyright = "";
				INSTALL_PATH = "$(LOCAL_LIBRARY_DIR)/Frameworks";
				LD_RUNPATH_SEARCH_PATHS = (
					"$(inherited)",
					"@executable_path/../Frameworks",
					"@loader_path/Frameworks",
				);
				MARKETING_VERSION = 1.0;
				MODULE_VERIFIER_SUPPORTED_LANGUAGES = "objective-c objective-c++";
				MODULE_VERIFIER_SUPPORTED_LANGUAGE_STANDARDS = "gnu17 gnu++20";
				PRODUCT_BUNDLE_IDENTIFIER = fw.EssentialDeveloperFeed;
				PRODUCT_NAME = "$(TARGET_NAME:c99extidentifier)";
				SKIP_INSTALL = YES;
				SWIFT_EMIT_LOC_STRINGS = YES;
				SWIFT_VERSION = 5.0;
			};
			name = Release;
		};
		2B49CED92B6BE58500AA3E75 /* Debug */ = {
			isa = XCBuildConfiguration;
			buildSettings = {
				ALWAYS_EMBED_SWIFT_STANDARD_LIBRARIES = YES;
				CLANG_ENABLE_MODULES = YES;
				CODE_SIGN_STYLE = Automatic;
				CURRENT_PROJECT_VERSION = 1;
				DEVELOPMENT_TEAM = BF95HT3K2M;
				GENERATE_INFOPLIST_FILE = YES;
				MARKETING_VERSION = 1.0;
				PRODUCT_BUNDLE_IDENTIFIER = fw.EssentialDeveloperFeedTests;
				PRODUCT_NAME = "$(TARGET_NAME)";
				SWIFT_EMIT_LOC_STRINGS = NO;
				SWIFT_OPTIMIZATION_LEVEL = "-Onone";
				SWIFT_VERSION = 5.0;
			};
			name = Debug;
		};
		2B49CEDA2B6BE58500AA3E75 /* Release */ = {
			isa = XCBuildConfiguration;
			buildSettings = {
				ALWAYS_EMBED_SWIFT_STANDARD_LIBRARIES = YES;
				CLANG_ENABLE_MODULES = YES;
				CODE_SIGN_STYLE = Automatic;
				CURRENT_PROJECT_VERSION = 1;
				DEVELOPMENT_TEAM = BF95HT3K2M;
				GENERATE_INFOPLIST_FILE = YES;
				MARKETING_VERSION = 1.0;
				PRODUCT_BUNDLE_IDENTIFIER = fw.EssentialDeveloperFeedTests;
				PRODUCT_NAME = "$(TARGET_NAME)";
				SWIFT_EMIT_LOC_STRINGS = NO;
				SWIFT_VERSION = 5.0;
			};
			name = Release;
		};
		2BC757512B83B4E700987745 /* Debug */ = {
			isa = XCBuildConfiguration;
			buildSettings = {
				CODE_SIGN_STYLE = Automatic;
				CURRENT_PROJECT_VERSION = 1;
				DEVELOPMENT_TEAM = BF95HT3K2M;
				GENERATE_INFOPLIST_FILE = YES;
				MARKETING_VERSION = 1.0;
				PRODUCT_BUNDLE_IDENTIFIER = fw.EssentialDeveloperFeedAPIEndToEndTests;
				PRODUCT_NAME = "$(TARGET_NAME)";
				SWIFT_EMIT_LOC_STRINGS = NO;
				SWIFT_VERSION = 5.0;
			};
			name = Debug;
		};
		2BC757522B83B4E700987745 /* Release */ = {
			isa = XCBuildConfiguration;
			buildSettings = {
				CODE_SIGN_STYLE = Automatic;
				CURRENT_PROJECT_VERSION = 1;
				DEVELOPMENT_TEAM = BF95HT3K2M;
				GENERATE_INFOPLIST_FILE = YES;
				MARKETING_VERSION = 1.0;
				PRODUCT_BUNDLE_IDENTIFIER = fw.EssentialDeveloperFeedAPIEndToEndTests;
				PRODUCT_NAME = "$(TARGET_NAME)";
				SWIFT_EMIT_LOC_STRINGS = NO;
				SWIFT_VERSION = 5.0;
			};
			name = Release;
		};
/* End XCBuildConfiguration section */

/* Begin XCConfigurationList section */
		2B49CEBB2B6BE58400AA3E75 /* Build configuration list for PBXProject "EssentialDeveloperFeed" */ = {
			isa = XCConfigurationList;
			buildConfigurations = (
				2B49CED32B6BE58500AA3E75 /* Debug */,
				2B49CED42B6BE58500AA3E75 /* Release */,
			);
			defaultConfigurationIsVisible = 0;
			defaultConfigurationName = Release;
		};
		2B49CED52B6BE58500AA3E75 /* Build configuration list for PBXNativeTarget "EssentialDeveloperFeed" */ = {
			isa = XCConfigurationList;
			buildConfigurations = (
				2B49CED62B6BE58500AA3E75 /* Debug */,
				2B49CED72B6BE58500AA3E75 /* Release */,
			);
			defaultConfigurationIsVisible = 0;
			defaultConfigurationName = Release;
		};
		2B49CED82B6BE58500AA3E75 /* Build configuration list for PBXNativeTarget "EssentialDeveloperFeedTests" */ = {
			isa = XCConfigurationList;
			buildConfigurations = (
				2B49CED92B6BE58500AA3E75 /* Debug */,
				2B49CEDA2B6BE58500AA3E75 /* Release */,
			);
			defaultConfigurationIsVisible = 0;
			defaultConfigurationName = Release;
		};
		2BC757532B83B4E700987745 /* Build configuration list for PBXNativeTarget "EssentialDeveloperFeedAPIEndToEndTests" */ = {
			isa = XCConfigurationList;
			buildConfigurations = (
				2BC757512B83B4E700987745 /* Debug */,
				2BC757522B83B4E700987745 /* Release */,
			);
			defaultConfigurationIsVisible = 0;
			defaultConfigurationName = Release;
		};
/* End XCConfigurationList section */
	};
	rootObject = 2B49CEB82B6BE58400AA3E75 /* Project object */;
}
